// !$*UTF8*$!
{
	archiveVersion = 1;
	classes = {
	};
	objectVersion = 55;
	objects = {

/* Begin PBXBuildFile section */
		3643AB9628A7273F000319FF /* MovieCast.swift in Sources */ = {isa = PBXBuildFile; fileRef = 3643AB9528A7273F000319FF /* MovieCast.swift */; };
		3643AB9828A7277C000319FF /* MovieDetailsModel.swift in Sources */ = {isa = PBXBuildFile; fileRef = 3643AB9728A7277C000319FF /* MovieDetailsModel.swift */; };
		3643AB9A28A727CF000319FF /* MovieGenre.swift in Sources */ = {isa = PBXBuildFile; fileRef = 3643AB9928A727CF000319FF /* MovieGenre.swift */; };
		3643AB9D28A7ADC2000319FF /* MovieDetailsView.swift in Sources */ = {isa = PBXBuildFile; fileRef = 3643AB9C28A7ADC2000319FF /* MovieDetailsView.swift */; };
		368AC1C228A7E11100B35CA3 /* MovieViewModel.swift in Sources */ = {isa = PBXBuildFile; fileRef = 368AC1C128A7E11100B35CA3 /* MovieViewModel.swift */; };
		368AC1C528A8262300B35CA3 /* Utilities.swift in Sources */ = {isa = PBXBuildFile; fileRef = 368AC1C428A8262300B35CA3 /* Utilities.swift */; };
		368AC1C928A8307000B35CA3 /* FlexibleView.swift in Sources */ = {isa = PBXBuildFile; fileRef = 368AC1C728A8307000B35CA3 /* FlexibleView.swift */; };
		368AC1CA28A8307000B35CA3 /* _FlexibleView.swift in Sources */ = {isa = PBXBuildFile; fileRef = 368AC1C828A8307000B35CA3 /* _FlexibleView.swift */; };
		368AC1CC28A8310900B35CA3 /* ViewSize+Extension.swift in Sources */ = {isa = PBXBuildFile; fileRef = 368AC1CB28A8310900B35CA3 /* ViewSize+Extension.swift */; };
		3692F9AF28A7044100AC3947 /* WatchyApp.swift in Sources */ = {isa = PBXBuildFile; fileRef = 3692F9AE28A7044100AC3947 /* WatchyApp.swift */; };
		3692F9B128A7044100AC3947 /* ContentView.swift in Sources */ = {isa = PBXBuildFile; fileRef = 3692F9B028A7044100AC3947 /* ContentView.swift */; };
		3692F9B328A7044300AC3947 /* Assets.xcassets in Resources */ = {isa = PBXBuildFile; fileRef = 3692F9B228A7044300AC3947 /* Assets.xcassets */; };
		3692F9B628A7044300AC3947 /* Preview Assets.xcassets in Resources */ = {isa = PBXBuildFile; fileRef = 3692F9B528A7044300AC3947 /* Preview Assets.xcassets */; };
		3697170628A706E00064E6FA /* Color+Extension.swift in Sources */ = {isa = PBXBuildFile; fileRef = 3697170528A706E00064E6FA /* Color+Extension.swift */; };
		3697170928A708640064E6FA /* DiscoverView.swift in Sources */ = {isa = PBXBuildFile; fileRef = 3697170828A708640064E6FA /* DiscoverView.swift */; };
		3697170B28A708EB0064E6FA /* SegmentPicker.swift in Sources */ = {isa = PBXBuildFile; fileRef = 3697170A28A708EB0064E6FA /* SegmentPicker.swift */; };
		3697170E28A70BA50064E6FA /* DiscoverViewModel.swift in Sources */ = {isa = PBXBuildFile; fileRef = 3697170D28A70BA50064E6FA /* DiscoverViewModel.swift */; };
		3697171128A70C020064E6FA /* API.swift in Sources */ = {isa = PBXBuildFile; fileRef = 3697171028A70C020064E6FA /* API.swift */; };
		3697171328A70C2F0064E6FA /* Endpoint.swift in Sources */ = {isa = PBXBuildFile; fileRef = 3697171228A70C2F0064E6FA /* Endpoint.swift */; };
		3697171528A70C660064E6FA /* RequestDelegate.swift in Sources */ = {isa = PBXBuildFile; fileRef = 3697171428A70C660064E6FA /* RequestDelegate.swift */; };
		3697171728A70CC80064E6FA /* RequestError.swift in Sources */ = {isa = PBXBuildFile; fileRef = 3697171628A70CC80064E6FA /* RequestError.swift */; };
		3697171A28A70DCC0064E6FA /* MoviesServicesEndpoint.swift in Sources */ = {isa = PBXBuildFile; fileRef = 3697171928A70DCC0064E6FA /* MoviesServicesEndpoint.swift */; };
		3697171D28A70EF40064E6FA /* MovieModel.swift in Sources */ = {isa = PBXBuildFile; fileRef = 3697171C28A70EF40064E6FA /* MovieModel.swift */; };
		3697171F28A710A20064E6FA /* MovieListCellView.swift in Sources */ = {isa = PBXBuildFile; fileRef = 3697171E28A710A20064E6FA /* MovieListCellView.swift */; };
		3697172128A719FC0064E6FA /* DecoderJSON.swift in Sources */ = {isa = PBXBuildFile; fileRef = 3697172028A719FC0064E6FA /* DecoderJSON.swift */; };
		3697172328A71A6D0064E6FA /* movie_response.json in Resources */ = {isa = PBXBuildFile; fileRef = 3697172228A71A6D0064E6FA /* movie_response.json */; };
		3697172628A71B090064E6FA /* CachedAsyncImage.swift in Sources */ = {isa = PBXBuildFile; fileRef = 3697172528A71B090064E6FA /* CachedAsyncImage.swift */; };
		3697172828A71B350064E6FA /* ImageLoader.swift in Sources */ = {isa = PBXBuildFile; fileRef = 3697172728A71B350064E6FA /* ImageLoader.swift */; };
/* End PBXBuildFile section */

/* Begin PBXFileReference section */
		3643AB9528A7273F000319FF /* MovieCast.swift */ = {isa = PBXFileReference; lastKnownFileType = sourcecode.swift; path = MovieCast.swift; sourceTree = "<group>"; };
		3643AB9728A7277C000319FF /* MovieDetailsModel.swift */ = {isa = PBXFileReference; lastKnownFileType = sourcecode.swift; path = MovieDetailsModel.swift; sourceTree = "<group>"; };
		3643AB9928A727CF000319FF /* MovieGenre.swift */ = {isa = PBXFileReference; lastKnownFileType = sourcecode.swift; path = MovieGenre.swift; sourceTree = "<group>"; };
		3643AB9C28A7ADC2000319FF /* MovieDetailsView.swift */ = {isa = PBXFileReference; lastKnownFileType = sourcecode.swift; path = MovieDetailsView.swift; sourceTree = "<group>"; };
		368AC1C128A7E11100B35CA3 /* MovieViewModel.swift */ = {isa = PBXFileReference; lastKnownFileType = sourcecode.swift; path = MovieViewModel.swift; sourceTree = "<group>"; };
		368AC1C428A8262300B35CA3 /* Utilities.swift */ = {isa = PBXFileReference; lastKnownFileType = sourcecode.swift; path = Utilities.swift; sourceTree = "<group>"; };
		368AC1C728A8307000B35CA3 /* FlexibleView.swift */ = {isa = PBXFileReference; fileEncoding = 4; lastKnownFileType = sourcecode.swift; path = FlexibleView.swift; sourceTree = "<group>"; };
		368AC1C828A8307000B35CA3 /* _FlexibleView.swift */ = {isa = PBXFileReference; fileEncoding = 4; lastKnownFileType = sourcecode.swift; path = _FlexibleView.swift; sourceTree = "<group>"; };
		368AC1CB28A8310900B35CA3 /* ViewSize+Extension.swift */ = {isa = PBXFileReference; fileEncoding = 4; lastKnownFileType = sourcecode.swift; path = "ViewSize+Extension.swift"; sourceTree = "<group>"; };
		3692F9AB28A7044100AC3947 /* Watchy.app */ = {isa = PBXFileReference; explicitFileType = wrapper.application; includeInIndex = 0; path = Watchy.app; sourceTree = BUILT_PRODUCTS_DIR; };
		3692F9AE28A7044100AC3947 /* WatchyApp.swift */ = {isa = PBXFileReference; lastKnownFileType = sourcecode.swift; path = WatchyApp.swift; sourceTree = "<group>"; };
		3692F9B028A7044100AC3947 /* ContentView.swift */ = {isa = PBXFileReference; lastKnownFileType = sourcecode.swift; path = ContentView.swift; sourceTree = "<group>"; };
		3692F9B228A7044300AC3947 /* Assets.xcassets */ = {isa = PBXFileReference; lastKnownFileType = folder.assetcatalog; path = Assets.xcassets; sourceTree = "<group>"; };
		3692F9B528A7044300AC3947 /* Preview Assets.xcassets */ = {isa = PBXFileReference; lastKnownFileType = folder.assetcatalog; path = "Preview Assets.xcassets"; sourceTree = "<group>"; };
		3697170528A706E00064E6FA /* Color+Extension.swift */ = {isa = PBXFileReference; lastKnownFileType = sourcecode.swift; path = "Color+Extension.swift"; sourceTree = "<group>"; };
		3697170828A708640064E6FA /* DiscoverView.swift */ = {isa = PBXFileReference; lastKnownFileType = sourcecode.swift; path = DiscoverView.swift; sourceTree = "<group>"; };
		3697170A28A708EB0064E6FA /* SegmentPicker.swift */ = {isa = PBXFileReference; lastKnownFileType = sourcecode.swift; path = SegmentPicker.swift; sourceTree = "<group>"; };
		3697170D28A70BA50064E6FA /* DiscoverViewModel.swift */ = {isa = PBXFileReference; lastKnownFileType = sourcecode.swift; path = DiscoverViewModel.swift; sourceTree = "<group>"; };
		3697171028A70C020064E6FA /* API.swift */ = {isa = PBXFileReference; lastKnownFileType = sourcecode.swift; path = API.swift; sourceTree = "<group>"; };
		3697171228A70C2F0064E6FA /* Endpoint.swift */ = {isa = PBXFileReference; lastKnownFileType = sourcecode.swift; path = Endpoint.swift; sourceTree = "<group>"; };
		3697171428A70C660064E6FA /* RequestDelegate.swift */ = {isa = PBXFileReference; lastKnownFileType = sourcecode.swift; path = RequestDelegate.swift; sourceTree = "<group>"; };
		3697171628A70CC80064E6FA /* RequestError.swift */ = {isa = PBXFileReference; lastKnownFileType = sourcecode.swift; path = RequestError.swift; sourceTree = "<group>"; };
		3697171928A70DCC0064E6FA /* MoviesServicesEndpoint.swift */ = {isa = PBXFileReference; lastKnownFileType = sourcecode.swift; path = MoviesServicesEndpoint.swift; sourceTree = "<group>"; };
		3697171C28A70EF40064E6FA /* MovieModel.swift */ = {isa = PBXFileReference; lastKnownFileType = sourcecode.swift; path = MovieModel.swift; sourceTree = "<group>"; };
		3697171E28A710A20064E6FA /* MovieListCellView.swift */ = {isa = PBXFileReference; lastKnownFileType = sourcecode.swift; path = MovieListCellView.swift; sourceTree = "<group>"; };
		3697172028A719FC0064E6FA /* DecoderJSON.swift */ = {isa = PBXFileReference; lastKnownFileType = sourcecode.swift; path = DecoderJSON.swift; sourceTree = "<group>"; };
		3697172228A71A6D0064E6FA /* movie_response.json */ = {isa = PBXFileReference; lastKnownFileType = text.json; path = movie_response.json; sourceTree = "<group>"; };
		3697172528A71B090064E6FA /* CachedAsyncImage.swift */ = {isa = PBXFileReference; lastKnownFileType = sourcecode.swift; path = CachedAsyncImage.swift; sourceTree = "<group>"; };
		3697172728A71B350064E6FA /* ImageLoader.swift */ = {isa = PBXFileReference; lastKnownFileType = sourcecode.swift; path = ImageLoader.swift; sourceTree = "<group>"; };
/* End PBXFileReference section */

/* Begin PBXFrameworksBuildPhase section */
		3692F9A828A7044100AC3947 /* Frameworks */ = {
			isa = PBXFrameworksBuildPhase;
			buildActionMask = 2147483647;
			files = (
			);
			runOnlyForDeploymentPostprocessing = 0;
		};
/* End PBXFrameworksBuildPhase section */

/* Begin PBXGroup section */
		3643AB9B28A7ADA8000319FF /* MovieDetails */ = {
			isa = PBXGroup;
			children = (
				3643AB9C28A7ADC2000319FF /* MovieDetailsView.swift */,
			);
			path = MovieDetails;
			sourceTree = "<group>";
		};
		368AC1C328A8260A00B35CA3 /* Utilities */ = {
			isa = PBXGroup;
			children = (
				368AC1C428A8262300B35CA3 /* Utilities.swift */,
			);
			path = Utilities;
			sourceTree = "<group>";
		};
		368AC1C628A8305E00B35CA3 /* FlexibleView */ = {
			isa = PBXGroup;
			children = (
				368AC1C828A8307000B35CA3 /* _FlexibleView.swift */,
				368AC1C728A8307000B35CA3 /* FlexibleView.swift */,
			);
			path = FlexibleView;
			sourceTree = "<group>";
		};
		3692F9A228A7044100AC3947 = {
			isa = PBXGroup;
			children = (
				3692F9AD28A7044100AC3947 /* Watchy */,
				3692F9AC28A7044100AC3947 /* Products */,
			);
			sourceTree = "<group>";
		};
		3692F9AC28A7044100AC3947 /* Products */ = {
			isa = PBXGroup;
			children = (
				3692F9AB28A7044100AC3947 /* Watchy.app */,
			);
			name = Products;
			sourceTree = "<group>";
		};
		3692F9AD28A7044100AC3947 /* Watchy */ = {
			isa = PBXGroup;
			children = (
				3692F9AE28A7044100AC3947 /* WatchyApp.swift */,
				3692F9B028A7044100AC3947 /* ContentView.swift */,
				3697170128A705800064E6FA /* View */,
				3697170C28A70B890064E6FA /* ViewModel */,
				3697171B28A70EDB0064E6FA /* Model */,
				3697170F28A70BB10064E6FA /* Networking */,
				3697171828A70DB40064E6FA /* Service */,
				3697170428A706CE0064E6FA /* Extension */,
				368AC1C328A8260A00B35CA3 /* Utilities */,
				3692F9B228A7044300AC3947 /* Assets.xcassets */,
				3692F9B428A7044300AC3947 /* Preview Content */,
			);
			path = Watchy;
			sourceTree = "<group>";
		};
		3692F9B428A7044300AC3947 /* Preview Content */ = {
			isa = PBXGroup;
			children = (
				3692F9B528A7044300AC3947 /* Preview Assets.xcassets */,
				3697172028A719FC0064E6FA /* DecoderJSON.swift */,
				3697172228A71A6D0064E6FA /* movie_response.json */,
			);
			path = "Preview Content";
			sourceTree = "<group>";
		};
		3697170128A705800064E6FA /* View */ = {
			isa = PBXGroup;
			children = (
				368AC1C628A8305E00B35CA3 /* FlexibleView */,
				3643AB9B28A7ADA8000319FF /* MovieDetails */,
				3697172428A71AD80064E6FA /* CachedAsyncImage */,
				3697170728A7081A0064E6FA /* DiscoverTab */,
			);
			path = View;
			sourceTree = "<group>";
		};
		3697170428A706CE0064E6FA /* Extension */ = {
			isa = PBXGroup;
			children = (
				3697170528A706E00064E6FA /* Color+Extension.swift */,
				368AC1CB28A8310900B35CA3 /* ViewSize+Extension.swift */,
			);
			path = Extension;
			sourceTree = "<group>";
		};
		3697170728A7081A0064E6FA /* DiscoverTab */ = {
			isa = PBXGroup;
			children = (
				3697170828A708640064E6FA /* DiscoverView.swift */,
				3697170A28A708EB0064E6FA /* SegmentPicker.swift */,
				3697171E28A710A20064E6FA /* MovieListCellView.swift */,
			);
			path = DiscoverTab;
			sourceTree = "<group>";
		};
		3697170C28A70B890064E6FA /* ViewModel */ = {
			isa = PBXGroup;
			children = (
				3697170D28A70BA50064E6FA /* DiscoverViewModel.swift */,
				368AC1C128A7E11100B35CA3 /* MovieViewModel.swift */,
			);
			path = ViewModel;
			sourceTree = "<group>";
		};
		3697170F28A70BB10064E6FA /* Networking */ = {
			isa = PBXGroup;
			children = (
				3697171028A70C020064E6FA /* API.swift */,
				3697171228A70C2F0064E6FA /* Endpoint.swift */,
				3697171428A70C660064E6FA /* RequestDelegate.swift */,
				3697171628A70CC80064E6FA /* RequestError.swift */,
			);
			path = Networking;
			sourceTree = "<group>";
		};
		3697171828A70DB40064E6FA /* Service */ = {
			isa = PBXGroup;
			children = (
				3697171928A70DCC0064E6FA /* MoviesServicesEndpoint.swift */,
			);
			path = Service;
			sourceTree = "<group>";
		};
		3697171B28A70EDB0064E6FA /* Model */ = {
			isa = PBXGroup;
			children = (
				3697171C28A70EF40064E6FA /* MovieModel.swift */,
				3643AB9528A7273F000319FF /* MovieCast.swift */,
				3643AB9728A7277C000319FF /* MovieDetailsModel.swift */,
				3643AB9928A727CF000319FF /* MovieGenre.swift */,
			);
			path = Model;
			sourceTree = "<group>";
		};
		3697172428A71AD80064E6FA /* CachedAsyncImage */ = {
			isa = PBXGroup;
			children = (
				3697172528A71B090064E6FA /* CachedAsyncImage.swift */,
				3697172728A71B350064E6FA /* ImageLoader.swift */,
			);
			path = CachedAsyncImage;
			sourceTree = "<group>";
		};
/* End PBXGroup section */

/* Begin PBXNativeTarget section */
		3692F9AA28A7044100AC3947 /* Watchy */ = {
			isa = PBXNativeTarget;
			buildConfigurationList = 3692F9B928A7044300AC3947 /* Build configuration list for PBXNativeTarget "Watchy" */;
			buildPhases = (
				3692F9A728A7044100AC3947 /* Sources */,
				3692F9A828A7044100AC3947 /* Frameworks */,
				3692F9A928A7044100AC3947 /* Resources */,
			);
			buildRules = (
			);
			dependencies = (
			);
			name = Watchy;
			productName = Watchy;
			productReference = 3692F9AB28A7044100AC3947 /* Watchy.app */;
			productType = "com.apple.product-type.application";
		};
/* End PBXNativeTarget section */

/* Begin PBXProject section */
		3692F9A328A7044100AC3947 /* Project object */ = {
			isa = PBXProject;
			attributes = {
				BuildIndependentTargetsInParallel = 1;
				LastSwiftUpdateCheck = 1330;
				LastUpgradeCheck = 1330;
				TargetAttributes = {
					3692F9AA28A7044100AC3947 = {
						CreatedOnToolsVersion = 13.3;
					};
				};
			};
			buildConfigurationList = 3692F9A628A7044100AC3947 /* Build configuration list for PBXProject "Watchy" */;
			compatibilityVersion = "Xcode 13.0";
			developmentRegion = en;
			hasScannedForEncodings = 0;
			knownRegions = (
				en,
				Base,
			);
			mainGroup = 3692F9A228A7044100AC3947;
			productRefGroup = 3692F9AC28A7044100AC3947 /* Products */;
			projectDirPath = "";
			projectRoot = "";
			targets = (
				3692F9AA28A7044100AC3947 /* Watchy */,
			);
		};
/* End PBXProject section */

/* Begin PBXResourcesBuildPhase section */
		3692F9A928A7044100AC3947 /* Resources */ = {
			isa = PBXResourcesBuildPhase;
			buildActionMask = 2147483647;
			files = (
				3692F9B628A7044300AC3947 /* Preview Assets.xcassets in Resources */,
				3692F9B328A7044300AC3947 /* Assets.xcassets in Resources */,
				3697172328A71A6D0064E6FA /* movie_response.json in Resources */,
			);
			runOnlyForDeploymentPostprocessing = 0;
		};
/* End PBXResourcesBuildPhase section */

/* Begin PBXSourcesBuildPhase section */
		3692F9A728A7044100AC3947 /* Sources */ = {
			isa = PBXSourcesBuildPhase;
			buildActionMask = 2147483647;
			files = (
				3697171F28A710A20064E6FA /* MovieListCellView.swift in Sources */,
				3697171D28A70EF40064E6FA /* MovieModel.swift in Sources */,
				368AC1C528A8262300B35CA3 /* Utilities.swift in Sources */,
				3692F9B128A7044100AC3947 /* ContentView.swift in Sources */,
				3692F9AF28A7044100AC3947 /* WatchyApp.swift in Sources */,
				368AC1C928A8307000B35CA3 /* FlexibleView.swift in Sources */,
				3697172128A719FC0064E6FA /* DecoderJSON.swift in Sources */,
				368AC1C228A7E11100B35CA3 /* MovieViewModel.swift in Sources */,
				3697171328A70C2F0064E6FA /* Endpoint.swift in Sources */,
				3697172828A71B350064E6FA /* ImageLoader.swift in Sources */,
				3697170628A706E00064E6FA /* Color+Extension.swift in Sources */,
				3697170E28A70BA50064E6FA /* DiscoverViewModel.swift in Sources */,
				3697171A28A70DCC0064E6FA /* MoviesServicesEndpoint.swift in Sources */,
				3697170B28A708EB0064E6FA /* SegmentPicker.swift in Sources */,
				3643AB9628A7273F000319FF /* MovieCast.swift in Sources */,
				368AC1CC28A8310900B35CA3 /* ViewSize+Extension.swift in Sources */,
				3697171728A70CC80064E6FA /* RequestError.swift in Sources */,
				3643AB9A28A727CF000319FF /* MovieGenre.swift in Sources */,
				3643AB9D28A7ADC2000319FF /* MovieDetailsView.swift in Sources */,
				3697170928A708640064E6FA /* DiscoverView.swift in Sources */,
				368AC1CA28A8307000B35CA3 /* _FlexibleView.swift in Sources */,
				3697171528A70C660064E6FA /* RequestDelegate.swift in Sources */,
				3643AB9828A7277C000319FF /* MovieDetailsModel.swift in Sources */,
				3697172628A71B090064E6FA /* CachedAsyncImage.swift in Sources */,
				3697171128A70C020064E6FA /* API.swift in Sources */,
			);
			runOnlyForDeploymentPostprocessing = 0;
		};
/* End PBXSourcesBuildPhase section */

/* Begin XCBuildConfiguration section */
		3692F9B728A7044300AC3947 /* Debug */ = {
			isa = XCBuildConfiguration;
			buildSettings = {
				ALWAYS_SEARCH_USER_PATHS = NO;
				CLANG_ANALYZER_NONNULL = YES;
				CLANG_ANALYZER_NUMBER_OBJECT_CONVERSION = YES_AGGRESSIVE;
				CLANG_CXX_LANGUAGE_STANDARD = "gnu++17";
				CLANG_ENABLE_MODULES = YES;
				CLANG_ENABLE_OBJC_ARC = YES;
				CLANG_ENABLE_OBJC_WEAK = YES;
				CLANG_WARN_BLOCK_CAPTURE_AUTORELEASING = YES;
				CLANG_WARN_BOOL_CONVERSION = YES;
				CLANG_WARN_COMMA = YES;
				CLANG_WARN_CONSTANT_CONVERSION = YES;
				CLANG_WARN_DEPRECATED_OBJC_IMPLEMENTATIONS = YES;
				CLANG_WARN_DIRECT_OBJC_ISA_USAGE = YES_ERROR;
				CLANG_WARN_DOCUMENTATION_COMMENTS = YES;
				CLANG_WARN_EMPTY_BODY = YES;
				CLANG_WARN_ENUM_CONVERSION = YES;
				CLANG_WARN_INFINITE_RECURSION = YES;
				CLANG_WARN_INT_CONVERSION = YES;
				CLANG_WARN_NON_LITERAL_NULL_CONVERSION = YES;
				CLANG_WARN_OBJC_IMPLICIT_RETAIN_SELF = YES;
				CLANG_WARN_OBJC_LITERAL_CONVERSION = YES;
				CLANG_WARN_OBJC_ROOT_CLASS = YES_ERROR;
				CLANG_WARN_QUOTED_INCLUDE_IN_FRAMEWORK_HEADER = YES;
				CLANG_WARN_RANGE_LOOP_ANALYSIS = YES;
				CLANG_WARN_STRICT_PROTOTYPES = YES;
				CLANG_WARN_SUSPICIOUS_MOVE = YES;
				CLANG_WARN_UNGUARDED_AVAILABILITY = YES_AGGRESSIVE;
				CLANG_WARN_UNREACHABLE_CODE = YES;
				CLANG_WARN__DUPLICATE_METHOD_MATCH = YES;
				COPY_PHASE_STRIP = NO;
				DEBUG_INFORMATION_FORMAT = dwarf;
				ENABLE_STRICT_OBJC_MSGSEND = YES;
				ENABLE_TESTABILITY = YES;
				GCC_C_LANGUAGE_STANDARD = gnu11;
				GCC_DYNAMIC_NO_PIC = NO;
				GCC_NO_COMMON_BLOCKS = YES;
				GCC_OPTIMIZATION_LEVEL = 0;
				GCC_PREPROCESSOR_DEFINITIONS = (
					"DEBUG=1",
					"$(inherited)",
				);
				GCC_WARN_64_TO_32_BIT_CONVERSION = YES;
				GCC_WARN_ABOUT_RETURN_TYPE = YES_ERROR;
				GCC_WARN_UNDECLARED_SELECTOR = YES;
				GCC_WARN_UNINITIALIZED_AUTOS = YES_AGGRESSIVE;
				GCC_WARN_UNUSED_FUNCTION = YES;
				GCC_WARN_UNUSED_VARIABLE = YES;
				IPHONEOS_DEPLOYMENT_TARGET = 15.4;
				MTL_ENABLE_DEBUG_INFO = INCLUDE_SOURCE;
				MTL_FAST_MATH = YES;
				ONLY_ACTIVE_ARCH = YES;
				SDKROOT = iphoneos;
				SWIFT_ACTIVE_COMPILATION_CONDITIONS = DEBUG;
				SWIFT_OPTIMIZATION_LEVEL = "-Onone";
			};
			name = Debug;
		};
		3692F9B828A7044300AC3947 /* Release */ = {
			isa = XCBuildConfiguration;
			buildSettings = {
				ALWAYS_SEARCH_USER_PATHS = NO;
				CLANG_ANALYZER_NONNULL = YES;
				CLANG_ANALYZER_NUMBER_OBJECT_CONVERSION = YES_AGGRESSIVE;
				CLANG_CXX_LANGUAGE_STANDARD = "gnu++17";
				CLANG_ENABLE_MODULES = YES;
				CLANG_ENABLE_OBJC_ARC = YES;
				CLANG_ENABLE_OBJC_WEAK = YES;
				CLANG_WARN_BLOCK_CAPTURE_AUTORELEASING = YES;
				CLANG_WARN_BOOL_CONVERSION = YES;
				CLANG_WARN_COMMA = YES;
				CLANG_WARN_CONSTANT_CONVERSION = YES;
				CLANG_WARN_DEPRECATED_OBJC_IMPLEMENTATIONS = YES;
				CLANG_WARN_DIRECT_OBJC_ISA_USAGE = YES_ERROR;
				CLANG_WARN_DOCUMENTATION_COMMENTS = YES;
				CLANG_WARN_EMPTY_BODY = YES;
				CLANG_WARN_ENUM_CONVERSION = YES;
				CLANG_WARN_INFINITE_RECURSION = YES;
				CLANG_WARN_INT_CONVERSION = YES;
				CLANG_WARN_NON_LITERAL_NULL_CONVERSION = YES;
				CLANG_WARN_OBJC_IMPLICIT_RETAIN_SELF = YES;
				CLANG_WARN_OBJC_LITERAL_CONVERSION = YES;
				CLANG_WARN_OBJC_ROOT_CLASS = YES_ERROR;
				CLANG_WARN_QUOTED_INCLUDE_IN_FRAMEWORK_HEADER = YES;
				CLANG_WARN_RANGE_LOOP_ANALYSIS = YES;
				CLANG_WARN_STRICT_PROTOTYPES = YES;
				CLANG_WARN_SUSPICIOUS_MOVE = YES;
				CLANG_WARN_UNGUARDED_AVAILABILITY = YES_AGGRESSIVE;
				CLANG_WARN_UNREACHABLE_CODE = YES;
				CLANG_WARN__DUPLICATE_METHOD_MATCH = YES;
				COPY_PHASE_STRIP = NO;
				DEBUG_INFORMATION_FORMAT = "dwarf-with-dsym";
				ENABLE_NS_ASSERTIONS = NO;
				ENABLE_STRICT_OBJC_MSGSEND = YES;
				GCC_C_LANGUAGE_STANDARD = gnu11;
				GCC_NO_COMMON_BLOCKS = YES;
				GCC_WARN_64_TO_32_BIT_CONVERSION = YES;
				GCC_WARN_ABOUT_RETURN_TYPE = YES_ERROR;
				GCC_WARN_UNDECLARED_SELECTOR = YES;
				GCC_WARN_UNINITIALIZED_AUTOS = YES_AGGRESSIVE;
				GCC_WARN_UNUSED_FUNCTION = YES;
				GCC_WARN_UNUSED_VARIABLE = YES;
				IPHONEOS_DEPLOYMENT_TARGET = 15.4;
				MTL_ENABLE_DEBUG_INFO = NO;
				MTL_FAST_MATH = YES;
				SDKROOT = iphoneos;
				SWIFT_COMPILATION_MODE = wholemodule;
				SWIFT_OPTIMIZATION_LEVEL = "-O";
				VALIDATE_PRODUCT = YES;
			};
			name = Release;
		};
		3692F9BA28A7044300AC3947 /* Debug */ = {
			isa = XCBuildConfiguration;
			buildSettings = {
				ASSETCATALOG_COMPILER_APPICON_NAME = AppIcon;
				ASSETCATALOG_COMPILER_GLOBAL_ACCENT_COLOR_NAME = AccentColor;
				CODE_SIGN_STYLE = Automatic;
				CURRENT_PROJECT_VERSION = 1;
				DEVELOPMENT_ASSET_PATHS = "\"Watchy/Preview Content\"";
				DEVELOPMENT_TEAM = 5AU7B27Y55;
				ENABLE_PREVIEWS = YES;
				GENERATE_INFOPLIST_FILE = YES;
				INFOPLIST_KEY_UIApplicationSceneManifest_Generation = YES;
				INFOPLIST_KEY_UIApplicationSupportsIndirectInputEvents = YES;
				INFOPLIST_KEY_UILaunchScreen_Generation = YES;
				INFOPLIST_KEY_UISupportedInterfaceOrientations = UIInterfaceOrientationPortrait;
				INFOPLIST_KEY_UISupportedInterfaceOrientations_iPad = "UIInterfaceOrientationLandscapeLeft UIInterfaceOrientationLandscapeRight UIInterfaceOrientationPortrait UIInterfaceOrientationPortraitUpsideDown";
				LD_RUNPATH_SEARCH_PATHS = (
					"$(inherited)",
					"@executable_path/Frameworks",
				);
				MARKETING_VERSION = 1.0;
				PRODUCT_BUNDLE_IDENTIFIER = thedevils.com.Watchy;
				PRODUCT_NAME = "$(TARGET_NAME)";
				SUPPORTED_PLATFORMS = "iphoneos iphonesimulator";
				SUPPORTS_MACCATALYST = NO;
				SUPPORTS_MAC_DESIGNED_FOR_IPHONE_IPAD = NO;
				SWIFT_EMIT_LOC_STRINGS = YES;
				SWIFT_VERSION = 5.0;
				TARGETED_DEVICE_FAMILY = 1;
			};
			name = Debug;
		};
		3692F9BB28A7044300AC3947 /* Release */ = {
			isa = XCBuildConfiguration;
			buildSettings = {
				ASSETCATALOG_COMPILER_APPICON_NAME = AppIcon;
				ASSETCATALOG_COMPILER_GLOBAL_ACCENT_COLOR_NAME = AccentColor;
				CODE_SIGN_STYLE = Automatic;
				CURRENT_PROJECT_VERSION = 1;
				DEVELOPMENT_ASSET_PATHS = "\"Watchy/Preview Content\"";
				DEVELOPMENT_TEAM = 5AU7B27Y55;
				ENABLE_PREVIEWS = YES;
				GENERATE_INFOPLIST_FILE = YES;
				INFOPLIST_KEY_UIApplicationSceneManifest_Generation = YES;
				INFOPLIST_KEY_UIApplicationSupportsIndirectInputEvents = YES;
				INFOPLIST_KEY_UILaunchScreen_Generation = YES;
				INFOPLIST_KEY_UISupportedInterfaceOrientations = UIInterfaceOrientationPortrait;
				INFOPLIST_KEY_UISupportedInterfaceOrientations_iPad = "UIInterfaceOrientationLandscapeLeft UIInterfaceOrientationLandscapeRight UIInterfaceOrientationPortrait UIInterfaceOrientationPortraitUpsideDown";
				LD_RUNPATH_SEARCH_PATHS = (
					"$(inherited)",
					"@executable_path/Frameworks",
				);
				MARKETING_VERSION = 1.0;
				PRODUCT_BUNDLE_IDENTIFIER = thedevils.com.Watchy;
				PRODUCT_NAME = "$(TARGET_NAME)";
				SUPPORTED_PLATFORMS = "iphoneos iphonesimulator";
				SUPPORTS_MACCATALYST = NO;
				SUPPORTS_MAC_DESIGNED_FOR_IPHONE_IPAD = NO;
				SWIFT_EMIT_LOC_STRINGS = YES;
				SWIFT_VERSION = 5.0;
				TARGETED_DEVICE_FAMILY = 1;
			};
			name = Release;
		};
/* End XCBuildConfiguration section */

/* Begin XCConfigurationList section */
		3692F9A628A7044100AC3947 /* Build configuration list for PBXProject "Watchy" */ = {
			isa = XCConfigurationList;
			buildConfigurations = (
				3692F9B728A7044300AC3947 /* Debug */,
				3692F9B828A7044300AC3947 /* Release */,
			);
			defaultConfigurationIsVisible = 0;
			defaultConfigurationName = Release;
		};
		3692F9B928A7044300AC3947 /* Build configuration list for PBXNativeTarget "Watchy" */ = {
			isa = XCConfigurationList;
			buildConfigurations = (
				3692F9BA28A7044300AC3947 /* Debug */,
				3692F9BB28A7044300AC3947 /* Release */,
			);
			defaultConfigurationIsVisible = 0;
			defaultConfigurationName = Release;
		};
/* End XCConfigurationList section */
	};
	rootObject = 3692F9A328A7044100AC3947 /* Project object */;
}
